
Microsoft Visual Studio Solution File, Format Version 12.00
# Visual Studio Version 16
VisualStudioVersion = 16.0.30611.23
MinimumVisualStudioVersion = 10.0.40219.1
Project("{FAE04EC0-301F-11D3-BF4B-00C04F79EFBC}") = "project00", "project00.csproj", "{183E7E4D-D95C-4413-ADE5-226F6015C6F9}"
EndProject
Global
	GlobalSection(SolutionConfigurationPlatforms) = preSolution
		Debug|Any CPU = Debug|Any CPU
		Release|Any CPU = Release|Any CPU
	EndGlobalSection
	GlobalSection(ProjectConfigurationPlatforms) = postSolution
		{183E7E4D-D95C-4413-ADE5-226F6015C6F9}.Debug|Any CPU.ActiveCfg = Debug|Any CPU
		{183E7E4D-D95C-4413-ADE5-226F6015C6F9}.Debug|Any CPU.Build.0 = Debug|Any CPU
		{183E7E4D-D95C-4413-ADE5-226F6015C6F9}.Release|Any CPU.ActiveCfg = Release|Any CPU
		{183E7E4D-D95C-4413-ADE5-226F6015C6F9}.Release|Any CPU.Build.0 = Release|Any CPU
	EndGlobalSection
	GlobalSection(SolutionProperties) = preSolution
		HideSolutionNode = FALSE
	EndGlobalSection
	GlobalSection(ExtensibilityGlobals) = postSolution
		SolutionGuid = {2D5A765F-E95E-40F3-A8D3-B6671E0F4A4D}
	EndGlobalSection
EndGlobal
